
Microsoft Visual Studio Solution File, Format Version 12.00
# Visual Studio Version 17
VisualStudioVersion = 17.7.34018.315
MinimumVisualStudioVersion = 10.0.40219.1
Project("{8BC9CEB8-8B4A-11D0-8D11-00A0C91BC942}") = "DAMNED_CALCULATOR", "DAMNED_CALCULATOR\DAMNED_CALCULATOR.vcxproj", "{B9D72D00-E9D9-40A8-A8FF-EF2ECF0B4565}"
EndProject
Global
	GlobalSection(SolutionConfigurationPlatforms) = preSolution
		Debug|x64 = Debug|x64
		Debug|x86 = Debug|x86
		Release|x64 = Release|x64
		Release|x86 = Release|x86
	EndGlobalSection
	GlobalSection(ProjectConfigurationPlatforms) = postSolution
		{B9D72D00-E9D9-40A8-A8FF-EF2ECF0B4565}.Debug|x64.ActiveCfg = Debug|x64
		{B9D72D00-E9D9-40A8-A8FF-EF2ECF0B4565}.Debug|x64.Build.0 = Debug|x64
		{B9D72D00-E9D9-40A8-A8FF-EF2ECF0B4565}.Debug|x86.ActiveCfg = Debug|Win32
		{B9D72D00-E9D9-40A8-A8FF-EF2ECF0B4565}.Debug|x86.Build.0 = Debug|Win32
		{B9D72D00-E9D9-40A8-A8FF-EF2ECF0B4565}.Release|x64.ActiveCfg = Release|x64
		{B9D72D00-E9D9-40A8-A8FF-EF2ECF0B4565}.Release|x64.Build.0 = Release|x64
		{B9D72D00-E9D9-40A8-A8FF-EF2ECF0B4565}.Release|x86.ActiveCfg = Release|Win32
		{B9D72D00-E9D9-40A8-A8FF-EF2ECF0B4565}.Release|x86.Build.0 = Release|Win32
	EndGlobalSection
	GlobalSection(SolutionProperties) = preSolution
		HideSolutionNode = FALSE
	EndGlobalSection
	GlobalSection(ExtensibilityGlobals) = postSolution
		SolutionGuid = {A00FC8E7-84C3-4DA9-BD97-057E4A2B8BBB}
	EndGlobalSection
EndGlobal
